
Microsoft Visual Studio Solution File, Format Version 12.00
# Visual Studio Version 17
VisualStudioVersion = 17.0.32228.444
MinimumVisualStudioVersion = 10.0.40219.1
Project("{9A19103F-16F7-4668-BE54-9A1E7A4F7556}") = "HackerNewsApi", "HackerNewsApi.csproj", "{75163198-4369-4EDB-A75E-7E1A7EB6078F}"
EndProject
Project("{FAE04EC0-301F-11D3-BF4B-00C04F79EFBC}") = "ContractTesting", "..\ContractTesting\ContractTesting.csproj", "{717B3F82-3072-49D7-BA9B-0D90B5748C67}"
EndProject
Global
	GlobalSection(SolutionConfigurationPlatforms) = preSolution
		Debug|Any CPU = Debug|Any CPU
		Release|Any CPU = Release|Any CPU
	EndGlobalSection
	GlobalSection(ProjectConfigurationPlatforms) = postSolution
		{75163198-4369-4EDB-A75E-7E1A7EB6078F}.Debug|Any CPU.ActiveCfg = Debug|Any CPU
		{75163198-4369-4EDB-A75E-7E1A7EB6078F}.Debug|Any CPU.Build.0 = Debug|Any CPU
		{75163198-4369-4EDB-A75E-7E1A7EB6078F}.Release|Any CPU.ActiveCfg = Release|Any CPU
		{75163198-4369-4EDB-A75E-7E1A7EB6078F}.Release|Any CPU.Build.0 = Release|Any CPU
		{717B3F82-3072-49D7-BA9B-0D90B5748C67}.Debug|Any CPU.ActiveCfg = Debug|Any CPU
		{717B3F82-3072-49D7-BA9B-0D90B5748C67}.Debug|Any CPU.Build.0 = Debug|Any CPU
		{717B3F82-3072-49D7-BA9B-0D90B5748C67}.Release|Any CPU.ActiveCfg = Release|Any CPU
		{717B3F82-3072-49D7-BA9B-0D90B5748C67}.Release|Any CPU.Build.0 = Release|Any CPU
	EndGlobalSection
	GlobalSection(SolutionProperties) = preSolution
		HideSolutionNode = FALSE
	EndGlobalSection
	GlobalSection(ExtensibilityGlobals) = postSolution
		SolutionGuid = {040BD460-DEDE-4875-B61F-DFEA8298738A}
	EndGlobalSection
EndGlobal
